# This file is generated by running "yarn install" inside your project.
# Manual changes might be lost - proceed with caution!

__metadata:
  version: 8
  cacheKey: 10c0

"@babel/helper-string-parser@npm:^7.29.7":
  version: 7.29.7
  resolution: "@babel/helper-string-parser@npm:7.29.7"
  checksum: 10c0/194bc0f1716e396d5ffde56ad6119745fb9557662c98611590e5e454906783a4ccb21ce93056b8eb69a4909044834e45d96e50ac695bbe9e3221648fe033c06c
  languageName: node
  linkType: hard

"@babel/helper-validator-identifier@npm:^7.29.7":
  version: 7.29.7
  resolution: "@babel/helper-validator-identifier@npm:7.29.7"
  checksum: 10c0/4795354e7ae0dcafa72de1cd04ec51252dc1498517170beaf019e03effc5b7bf13c6b21a3949a77e07b8125be7f106ed1131350d8ebd4566ae874094a726d62b
  languageName: node
  linkType: hard

"@babel/parser@npm:^7.29.8":
  version: 7.29.9
  resolution: "@babel/parser@npm:7.29.9"
  dependencies:
    "@babel/types": "npm:^7.29.8"
  bin:
    parser: ./bin/babel-parser.js
  checksum: 10c0/171b16eb4527cdbbb72cb98710f91acb22356e2c40196ba3b7a1b84efa8c55d0b0992f399c8c675c3e17f67fd133676c5c4118e5f20db243f427c8b29b0c3f40
  languageName: node
  linkType: hard

"@babel/types@npm:^7.29.8":
  version: 7.29.8
  resolution: "@babel/types@npm:7.29.8"
  dependencies:
    "@babel/helper-string-parser": "npm:^7.29.7"
    "@babel/helper-validator-identifier": "npm:^7.29.7"
  checksum: 10c0/be7c279f0abf2a086c633e21b49c7ca80275d05283cc5a268b67a708c9914bd0c944f1422b3eb3cb37682a2af5d560abf520ccf9b01b53ecbfe6b71fbc3fdde6
  languageName: node
  linkType: hard

"@isaacs/fs-minipass@npm:^4.0.0":
  version: 4.0.1
  resolution: "@isaacs/fs-minipass@npm:4.0.1"
  dependencies:
    minipass: "npm:^7.0.4"
  checksum: 10c0/c25b6dc1598790d5b55c0947a9b7d111cfa92594db5296c3b907e2f533c033666f692a3939eadac17b1c7c40d362d0b0635dc874cbfe3e70db7c2b07cc97a5d2
  languageName: node
  linkType: hard

"@jridgewell/sourcemap-codec@npm:^1.5.5":
  version: 1.6.0
  resolution: "@jridgewell/sourcemap-codec@npm:1.6.0"
  checksum: 10c0/b5be700e45a775f218589c3466c4ffea630582b4988657652da464e5ab8a7d18bf928ee4fd2363fb346ede4bea9c6ff0bae05a538358c4565ece6199531b5f72
  languageName: node
  linkType: hard

"@oxc-project/types@npm:=0.151.0":
  version: 0.151.0
  resolution: "@oxc-project/types@npm:0.151.0"
  checksum: 10c0/7dac5399345abf368449735c31c218439e6c3a2acf7b8cbc715a88b45989390208f61bea0f3eb28bee5a034a509a7f4142ae60069e6611b07c70a30867c8ca84
  languageName: node
  linkType: hard

"@primeicons/core@npm:8.0.2":
  version: 8.0.2
  resolution: "@primeicons/core@npm:8.0.2"
  dependencies:
    "@primeuix/utils": "npm:^0.8.0"
  checksum: 10c0/bf13ae9a563cceab4d1c341636a3d37d1950e6bb49c78e6996ff25694f509898590db0d2023694218cf8061f3e5901c71623988f42d7efc630ed73a58564cd50
  languageName: node
  linkType: hard

"@primeicons/vue@npm:^8.0.0":
  version: 8.0.2
  resolution: "@primeicons/vue@npm:8.0.2"
  dependencies:
    "@primeicons/core": "npm:8.0.2"
    "@primeuix/utils": "npm:^0.8.0"
  peerDependencies:
    vue: ^3
  checksum: 10c0/6ecd6cbfa761660a1240355890334b77f4ef06abf338c1b79cf77c9652dc0d52e31ec8e88107ecca010bba67a238971e50f088f9f497239cdd2d1dd9d9258c3f
  languageName: node
  linkType: hard

"@primeui/license-manager@npm:^1.0.0":
  version: 1.1.0
  resolution: "@primeui/license-manager@npm:1.1.0"
  checksum: 10c0/34b9b582cb34f2c8a50ccf45e811de68ad6594423aa636e7f0d302fb264433d1b2c296be94e09372d4b7d9a5434f14c062d8af2d3187db845546bf65d118ce08
  languageName: node
  linkType: hard

"@primeuix/motion@npm:^1.0.0":
  version: 1.0.0
  resolution: "@primeuix/motion@npm:1.0.0"
  dependencies:
    "@primeuix/utils": "npm:^0.8.0"
  checksum: 10c0/83adcdb15ab469f0c376ff9ee26777c80d5bf6a045c05f998be9fbafa145f86c8a23df4da3df57444a2f437770436d2bd197a590c94fa4fab8fedb3bfe873fa1
  languageName: node
  linkType: hard

"@primeuix/styled@npm:^0.7.4":
  version: 0.7.4
  resolution: "@primeuix/styled@npm:0.7.4"
  dependencies:
    "@primeuix/utils": "npm:^0.6.1"
  checksum: 10c0/e1ed3e6c4a36bd5a6722b8fcd3e79d9fd60a36f174e5d822fd2fa0ecace49508c548228462ff8033961e1aa1bece6ec87c04879097c3691044314629120e968c
  languageName: node
  linkType: hard

"@primeuix/styled@npm:^1.0.0":
  version: 1.0.0
  resolution: "@primeuix/styled@npm:1.0.0"
  dependencies:
    "@primeui/license-manager": "npm:^1.0.0"
    "@primeuix/utils": "npm:^0.8.0"
  checksum: 10c0/26fe4d23206738ece2ff5473777d752f3a8d77010928e48d0f945b4ef0656015ab3207c1f8b246b701583de982380e92de8ab85473f3aa05a146df2961233a9b
  languageName: node
  linkType: hard

"@primeuix/styles@npm:^3.0.0":
  version: 3.0.1
  resolution: "@primeuix/styles@npm:3.0.1"
  dependencies:
    "@primeuix/styled": "npm:^1.0.0"
  checksum: 10c0/965782d5721328ae252201921d0a52a9c9f71f14c10f014af4fd7a4f71420e111263f9400bbeb4189c8e218d41472838d9912e4d1876d894ef513f27bf544c2d
  languageName: node
  linkType: hard

"@primeuix/themes@npm:^2.0.2":
  version: 2.0.3
  resolution: "@primeuix/themes@npm:2.0.3"
  dependencies:
    "@primeuix/styled": "npm:^0.7.4"
  checksum: 10c0/4e51aa7ce0a73946b5605c485c281e3e5d82937efa5da1881e31aaae810ccbef34e29b888d24823428ad3303fa2825c99a88dfcb53718e15bfee18b63a12a53d
  languageName: node
  linkType: hard

"@primeuix/utils@npm:^0.6.1":
  version: 0.6.4
  resolution: "@primeuix/utils@npm:0.6.4"
  checksum: 10c0/ee5f284c1cd3a5070c5eed6c45d803313574e0db95c45b6fc822ddb76416bbeb86986105ec4912a9d9964cb9bf7736e4b5f316c5406ec3fc16ba8012ba91a9fe
  languageName: node
  linkType: hard

"@primeuix/utils@npm:^0.8.0":
  version: 0.8.2
  resolution: "@primeuix/utils@npm:0.8.2"
  checksum: 10c0/57f70334fadbf6cdfe38b8bf5da9f408fe7f7353a5dc00cf8d45fb8a024828997ff49a746f123fd48d0f04707454b7bcd9aa6c710d5e819af60392419f790967
  languageName: node
  linkType: hard

"@primevue/core@npm:5.0.1":
  version: 5.0.1
  resolution: "@primevue/core@npm:5.0.1"
  dependencies:
    "@primeui/license-manager": "npm:^1.0.0"
    "@primeuix/styled": "npm:^1.0.0"
    "@primeuix/utils": "npm:^0.8.0"
  peerDependencies:
    vue: ^3.5.0
  checksum: 10c0/86a74449b6dbe420ed7098a127ac7b12a7ab2c33ffe55b1b29a5bea00c7b711c5315f9fb5659513601c87d1e6eb2bdd5f7ec63b71eefb8cfecee62b1954f4ada
  languageName: node
  linkType: hard

"@primevue/icons@npm:5.0.1":
  version: 5.0.1
  resolution: "@primevue/icons@npm:5.0.1"
  dependencies:
    "@primeuix/utils": "npm:^0.8.0"
    "@primevue/core": "npm:5.0.1"
  checksum: 10c0/483d2a232e57b4e0228c2f857b2208285f6fdb50ec38eb4edf2fcd0ad1f482c3146ad1552a034c8a7f3dffc8c4bda6327fcf90a428eb3039b1261c0765fb79a9
  languageName: node
  linkType: hard

"@primevue/themes@npm:^4.5.4":
  version: 4.5.4
  resolution: "@primevue/themes@npm:4.5.4"
  dependencies:
    "@primeuix/styled": "npm:^0.7.4"
    "@primeuix/themes": "npm:^2.0.2"
  checksum: 10c0/8d1babbd7aed5b51221853863a8e86295cd77e6855463126705e3260b3ee47ce2a70c0f673414faf1c5c63094910ed2f980f4f3802611561a17b23ca2e355a01
  languageName: node
  linkType: hard

"@rolldown/binding-android-arm-eabi@npm:1.2.11":
  version: 1.2.11
  resolution: "@rolldown/binding-android-arm-eabi@npm:1.2.11"
  conditions: os=android & cpu=arm
  languageName: node
  linkType: hard

"@rolldown/binding-android-arm64@npm:1.2.11":
  version: 1.2.11
  resolution: "@rolldown/binding-android-arm64@npm:1.2.11"
  conditions: os=android & cpu=arm64
  languageName: node
  linkType: hard

"@rolldown/binding-darwin-arm64@npm:1.2.11":
  version: 1.2.11
  resolution: "@rolldown/binding-darwin-arm64@npm:1.2.11"
  conditions: os=darwin & cpu=arm64
  languageName: node
  linkType: hard

"@rolldown/binding-darwin-x64@npm:1.2.11":
  version: 1.2.11
  resolution: "@rolldown/binding-darwin-x64@npm:1.2.11"
  conditions: os=darwin & cpu=x64
  languageName: node
  linkType: hard

"@rolldown/binding-freebsd-x64@npm:1.2.11":
  version: 1.2.11
  resolution: "@rolldown/binding-freebsd-x64@npm:1.2.11"
  conditions: os=freebsd & cpu=x64
  languageName: node
  linkType: hard

"@rolldown/binding-linux-arm-gnueabihf@npm:1.2.11":
  version: 1.2.11
  resolution: "@rolldown/binding-linux-arm-gnueabihf@npm:1.2.11"
  conditions: os=linux & cpu=arm
  languageName: node
  linkType: hard

"@rolldown/binding-linux-arm64-gnu@npm:1.2.11":
  version: 1.2.11
  resolution: "@rolldown/binding-linux-arm64-gnu@npm:1.2.11"
  conditions: os=linux & cpu=arm64 & libc=glibc
  languageName: node
  linkType: hard

"@rolldown/binding-linux-arm64-musl@npm:1.2.11":
  version: 1.2.11
  resolution: "@rolldown/binding-linux-arm64-musl@npm:1.2.11"
  conditions: os=linux & cpu=arm64 & libc=musl
  languageName: node
  linkType: hard

"@rolldown/binding-linux-ppc64-gnu@npm:1.2.11":
  version: 1.2.11
  resolution: "@rolldown/binding-linux-ppc64-gnu@npm:1.2.11"
  conditions: os=linux & cpu=ppc64 & libc=glibc
  languageName: node
  linkType: hard

"@rolldown/binding-linux-s390x-gnu@npm:1.2.11":
  version: 1.2.11
  resolution: "@rolldown/binding-linux-s390x-gnu@npm:1.2.11"
  conditions: os=linux & cpu=s390x & libc=glibc
  languageName: node
  linkType: hard

"@rolldown/binding-linux-x64-gnu@npm:1.2.11":
  version: 1.2.11
  resolution: "@rolldown/binding-linux-x64-gnu@npm:1.2.11"
  conditions: os=linux & cpu=x64 & libc=glibc
  languageName: node
  linkType: hard

"@rolldown/binding-linux-x64-musl@npm:1.2.11":
  version: 1.2.11
  resolution: "@rolldown/binding-linux-x64-musl@npm:1.2.11"
  conditions: os=linux & cpu=x64 & libc=musl
  languageName: node
  linkType: hard

"@rolldown/binding-openharmony-arm64@npm:1.2.11":
  version: 1.2.11
  resolution: "@rolldown/binding-openharmony-arm64@npm:1.2.11"
  conditions: os=openharmony & cpu=arm64
  languageName: node
  linkType: hard

"@rolldown/binding-win32-arm64-msvc@npm:1.2.11":
  version: 1.2.11
  resolution: "@rolldown/binding-win32-arm64-msvc@npm:1.2.11"
  conditions: os=win32 & cpu=arm64
  languageName: node
  linkType: hard

"@rolldown/binding-win32-x64-msvc@npm:1.2.11":
  version: 1.2.11
  resolution: "@rolldown/binding-win32-x64-msvc@npm:1.2.11"
  conditions: os=win32 & cpu=x64
  languageName: node
  linkType: hard

"@rolldown/pluginutils@npm:^1.0.0, @rolldown/pluginutils@npm:^1.0.1":
  version: 1.0.1
  resolution: "@rolldown/pluginutils@npm:1.0.1"
  checksum: 10c0/99d9b06d90196823e4d8c841f258db7a16e5dbba5824a2962b05d907b79f1ba929d56f22dd744fd530936e568c865ee56a719dc31e57e13bc0a8eb4764a8d8dd
  languageName: node
  linkType: hard

"@vitejs/plugin-vue@npm:^6.0.9":
  version: 6.0.9
  resolution: "@vitejs/plugin-vue@npm:6.0.9"
  dependencies:
    "@rolldown/pluginutils": "npm:^1.0.1"
  peerDependencies:
    vite: ^5.0.0 || ^6.0.0 || ^7.0.0 || ^8.0.0
    vue: ^3.2.25
  checksum: 10c0/0e9308788f7ff4f6e0b44cd1135cb780c6bb1791fd513fc11b0f1153e131243993df950397e0b342c4522ba181cd35a621e0c5163327e4b3e225c2902b2a56e2
  languageName: node
  linkType: hard

"@vue/compiler-core@npm:3.5.43":
  version: 3.5.43
  resolution: "@vue/compiler-core@npm:3.5.43"
  dependencies:
    "@babel/parser": "npm:^7.29.8"
    "@vue/shared": "npm:3.5.43"
    entities: "npm:^7.0.1"
    estree-walker: "npm:^2.0.2"
    source-map-js: "npm:^1.2.1"
  checksum: 10c0/a6aa1a3e852a759322afa62ba22dae4f56fdcb275e1bc78c9588d65b9b53d24fd093965eb985b92c1ecd50a7b6dd9b7beddd8b3aebf207509b0ffc8844417137
  languageName: node
  linkType: hard

"@vue/compiler-dom@npm:3.5.43":
  version: 3.5.43
  resolution: "@vue/compiler-dom@npm:3.5.43"
  dependencies:
    "@vue/compiler-core": "npm:3.5.43"
    "@vue/shared": "npm:3.5.43"
  checksum: 10c0/7176866486b51b18315b298bba613ddee38da1dbae7491b8bd87843951e26f347fab2027892d431655147253c011f5f3c152d7f7acca968c6eb51b7b446adabc
  languageName: node
  linkType: hard

"@vue/compiler-sfc@npm:3.5.43":
  version: 3.5.43
  resolution: "@vue/compiler-sfc@npm:3.5.43"
  dependencies:
    "@babel/parser": "npm:^7.29.8"
    "@vue/compiler-core": "npm:3.5.43"
    "@vue/compiler-dom": "npm:3.5.43"
    "@vue/compiler-ssr": "npm:3.5.43"
    "@vue/shared": "npm:3.5.43"
    estree-walker: "npm:^2.0.2"
    magic-string: "npm:^0.30.21"
    postcss: "npm:^8.5.28"
    source-map-js: "npm:^1.2.1"
  checksum: 10c0/fe07bd2d0519f1350b55514480fd5f0a2d2f963a1fff0ef8cea56c79dc2ae9def2584815ab1e5c2e70d9cb8450147dadc90533e5106d21283d867d62461969e2
  languageName: node
  linkType: hard

"@vue/compiler-ssr@npm:3.5.43":
  version: 3.5.43
  resolution: "@vue/compiler-ssr@npm:3.5.43"
  dependencies:
    "@vue/compiler-dom": "npm:3.5.43"
    "@vue/shared": "npm:3.5.43"
  checksum: 10c0/d1a47d99b5fcc13838a5049361f585798e9f50f2fbae709c5153463db3660c0c301efe7c849f4f1beb6e3e0dc18648d85ae1ea7c9d5654860c38296d56ab831e
  languageName: node
  linkType: hard

"@vue/reactivity@npm:3.5.43":
  version: 3.5.43
  resolution: "@vue/reactivity@npm:3.5.43"
  dependencies:
    "@vue/shared": "npm:3.5.43"
  checksum: 10c0/30818da249137848a5a01c2eefbaaaba83abc2cb7c65d2521aa4ef6f1b1a677573dc063db95c5242829c7c1b287438cdeb343bd73cd7dce180de4d3234b988f0
  languageName: node
  linkType: hard

"@vue/runtime-core@npm:3.5.43":
  version: 3.5.43
  resolution: "@vue/runtime-core@npm:3.5.43"
  dependencies:
    "@vue/reactivity": "npm:3.5.43"
    "@vue/shared": "npm:3.5.43"
  checksum: 10c0/f023832140f650994bc1cb9b3145ca2635e2661e6bccac40162f77103e3e9b6ae1f67e18fb9a32ac261888491c3429ef22e853775cac6a7ce0ef24f1fba90805
  languageName: node
  linkType: hard

"@vue/runtime-dom@npm:3.5.43":
  version: 3.5.43
  resolution: "@vue/runtime-dom@npm:3.5.43"
  dependencies:
    "@vue/reactivity": "npm:3.5.43"
    "@vue/runtime-core": "npm:3.5.43"
    "@vue/shared": "npm:3.5.43"
    csstype: "npm:^3.2.3"
  checksum: 10c0/7c4844d19570e379e5a7b07f1b694f5f36d069d38293272b0e2011984bcde9f87844b3ac1325e67ed608bf278709a1b13a4c470c52746e83c0de60fd14427335
  languageName: node
  linkType: hard

"@vue/server-renderer@npm:3.5.43":
  version: 3.5.43
  resolution: "@vue/server-renderer@npm:3.5.43"
  dependencies:
    "@vue/compiler-ssr": "npm:3.5.43"
    "@vue/runtime-dom": "npm:3.5.43"
    "@vue/shared": "npm:3.5.43"
  checksum: 10c0/bc3fa8227db943987dae28c271c8ef7c09e42e0777480bca49d89446b51aa4d76c6c71b8169a48ccb2d7ade51e4add3bdee50106c7df73b17a65558a6d7d7f7d
  languageName: node
  linkType: hard

"@vue/shared@npm:3.5.43":
  version: 3.5.43
  resolution: "@vue/shared@npm:3.5.43"
  checksum: 10c0/2925261c79d49957523060a8e6c92e29a588301d22ee3f978d09d1aba881256a703285ae0108f7b50d76dd10b054ca31a0c1f1ed8696afbef7bf58e862782b4b
  languageName: node
  linkType: hard

"abbrev@npm:^5.0.0":
  version: 5.0.0
  resolution: "abbrev@npm:5.0.0"
  checksum: 10c0/8e88f5c798ea4562d28c5a3e9ad69e3879890bc5d695d8f2dffb8609be4c890aacc8f80ef4553fdd2c6a62d70c2ce8bc57b38074e383beb7487bdafa9ed42ea5
  languageName: node
  linkType: hard

"chownr@npm:^3.0.0":
  version: 3.0.0
  resolution: "chownr@npm:3.0.0"
  checksum: 10c0/43925b87700f7e3893296c8e9c56cc58f926411cce3a6e5898136daaf08f08b9a8eb76d37d3267e707d0dcc17aed2e2ebdf5848c0c3ce95cf910a919935c1b10
  languageName: node
  linkType: hard

"commander@npm:^15.0.0":
  version: 15.0.0
  resolution: "commander@npm:15.0.0"
  checksum: 10c0/539229c171914ea1ccd45ee5f10d924289a12a684ea3a7a44147abe54003c35ed6de9ae4ad198d88c29fdf403dca0428451a388234e6dc01b6faa978fb207206
  languageName: node
  linkType: hard

"csstype@npm:^3.2.3":
  version: 3.2.3
  resolution: "csstype@npm:3.2.3"
  checksum: 10c0/cd29c51e70fa822f1cecd8641a1445bed7063697469d35633b516e60fe8c1bde04b08f6c5b6022136bb669b64c63d4173af54864510fbb4ee23281801841a3ce
  languageName: node
  linkType: hard

"deepmerge@npm:^4.3.1":
  version: 4.3.1
  resolution: "deepmerge@npm:4.3.1"
  checksum: 10c0/e53481aaf1aa2c4082b5342be6b6d8ad9dfe387bc92ce197a66dea08bd4265904a087e75e464f14d1347cf2ac8afe1e4c16b266e0561cc5df29382d3c5f80044
  languageName: node
  linkType: hard

"detect-libc@npm:^2.0.3":
  version: 2.1.2
  resolution: "detect-libc@npm:2.1.2"
  checksum: 10c0/acc675c29a5649fa1fb6e255f993b8ee829e510b6b56b0910666949c80c364738833417d0edb5f90e4e46be17228b0f2b66a010513984e18b15deeeac49369c4
  languageName: node
  linkType: hard

"entities@npm:^7.0.1":
  version: 7.0.1
  resolution: "entities@npm:7.0.1"
  checksum: 10c0/b4fb9937bb47ecb00aaaceb9db9cdd1cc0b0fb649c0e843d05cf5dbbd2e9d2df8f98721d8b1b286445689c72af7b54a7242fc2d63ef7c9739037a8c73363e7ca
  languageName: node
  linkType: hard

"env-paths@npm:^2.2.0":
  version: 2.2.1
  resolution: "env-paths@npm:2.2.1"
  checksum: 10c0/285325677bf00e30845e330eec32894f5105529db97496ee3f598478e50f008c5352a41a30e5e72ec9de8a542b5a570b85699cd63bd2bc646dbcb9f311d83bc4
  languageName: node
  linkType: hard

"estree-walker@npm:^2.0.2":
  version: 2.0.2
  resolution: "estree-walker@npm:2.0.2"
  checksum: 10c0/53a6c54e2019b8c914dc395890153ffdc2322781acf4bd7d1a32d7aedc1710807bdcd866ac133903d5629ec601fbb50abe8c2e5553c7f5a0afdd9b6af6c945af
  languageName: node
  linkType: hard

"example-vue3-repos-website@workspace:.":
  version: 0.0.0-use.local
  resolution: "example-vue3-repos-website@workspace:."
  dependencies:
    "@primevue/themes": "npm:^4.5.4"
    "@vitejs/plugin-vue": "npm:^6.0.9"
    katex: "npm:^0.18.9"
    primevue: "npm:^5.0.1"
    vite: "npm:^8.3.1"
    vue: "npm:^3.5.43"
    vue-gtag: "npm:^3.7.1"
    vue3-katex: "npm:0.9.0-3"
  languageName: unknown
  linkType: soft

"exponential-backoff@npm:^3.1.1":
  version: 3.1.3
  resolution: "exponential-backoff@npm:3.1.3"
  checksum: 10c0/77e3ae682b7b1f4972f563c6dbcd2b0d54ac679e62d5d32f3e5085feba20483cf28bd505543f520e287a56d4d55a28d7874299941faf637e779a1aa5994d1267
  languageName: node
  linkType: hard

"fdir@npm:^6.5.0":
  version: 6.5.0
  resolution: "fdir@npm:6.5.0"
  peerDependencies:
    picomatch: ^3 || ^4
  peerDependenciesMeta:
    picomatch:
      optional: true
  checksum: 10c0/e345083c4306b3aed6cb8ec551e26c36bab5c511e99ea4576a16750ddc8d3240e63826cc624f5ae17ad4dc82e68a253213b60d556c11bfad064b7607847ed07f
  languageName: node
  linkType: hard

"fsevents@npm:~2.3.3":
  version: 2.3.3
  resolution: "fsevents@npm:2.3.3"
  dependencies:
    node-gyp: "npm:latest"
  checksum: 10c0/a1f0c44595123ed717febbc478aa952e47adfc28e2092be66b8ab1635147254ca6cfe1df792a8997f22716d4cbafc73309899ff7bfac2ac3ad8cf2e4ecc3ec60
  conditions: os=darwin
  languageName: node
  linkType: hard

"fsevents@patch:fsevents@npm%3A~2.3.3#optional!builtin<compat/fsevents>":
  version: 2.3.3
  resolution: "fsevents@patch:fsevents@npm%3A2.3.3#optional!builtin<compat/fsevents>::version=2.3.3&hash=df0bf1"
  dependencies:
    node-gyp: "npm:latest"
  conditions: os=darwin
  languageName: node
  linkType: hard

"graceful-fs@npm:^4.2.6":
  version: 4.2.11
  resolution: "graceful-fs@npm:4.2.11"
  checksum: 10c0/386d011a553e02bc594ac2ca0bd6d9e4c22d7fa8cfbfc448a6d148c59ea881b092db9dbe3547ae4b88e55f1b01f7c4a2ecc53b310c042793e63aa44cf6c257f2
  languageName: node
  linkType: hard

"isexe@npm:^4.0.0":
  version: 4.0.0
  resolution: "isexe@npm:4.0.0"
  checksum: 10c0/5884815115bceac452877659a9c7726382531592f43dc29e5d48b7c4100661aed54018cb90bd36cb2eaeba521092570769167acbb95c18d39afdccbcca06c5ce
  languageName: node
  linkType: hard

"katex@npm:^0.18.9":
  version: 0.18.9
  resolution: "katex@npm:0.18.9"
  dependencies:
    commander: "npm:^15.0.0"
  bin:
    katex: cli.js
  checksum: 10c0/0ba4f02d1a6217a31020b5a5fe2e4b867fb3cc27469901c631718a2dc4ed0e34455540aff3d87e444d5b6228d4d825e3cd0b524be8b8b2883d4193be99d76011
  languageName: node
  linkType: hard

"lightningcss-android-arm64@npm:1.33.0":
  version: 1.33.0
  resolution: "lightningcss-android-arm64@npm:1.33.0"
  conditions: os=android & cpu=arm64
  languageName: node
  linkType: hard

"lightningcss-darwin-arm64@npm:1.33.0":
  version: 1.33.0
  resolution: "lightningcss-darwin-arm64@npm:1.33.0"
  conditions: os=darwin & cpu=arm64
  languageName: node
  linkType: hard

"lightningcss-darwin-x64@npm:1.33.0":
  version: 1.33.0
  resolution: "lightningcss-darwin-x64@npm:1.33.0"
  conditions: os=darwin & cpu=x64
  languageName: node
  linkType: hard

"lightningcss-freebsd-x64@npm:1.33.0":
  version: 1.33.0
  resolution: "lightningcss-freebsd-x64@npm:1.33.0"
  conditions: os=freebsd & cpu=x64
  languageName: node
  linkType: hard

"lightningcss-linux-arm-gnueabihf@npm:1.33.0":
  version: 1.33.0
  resolution: "lightningcss-linux-arm-gnueabihf@npm:1.33.0"
  conditions: os=linux & cpu=arm
  languageName: node
  linkType: hard

"lightningcss-linux-arm64-gnu@npm:1.33.0":
  version: 1.33.0
  resolution: "lightningcss-linux-arm64-gnu@npm:1.33.0"
  conditions: os=linux & cpu=arm64 & libc=glibc
  languageName: node
  linkType: hard

"lightningcss-linux-arm64-musl@npm:1.33.0":
  version: 1.33.0
  resolution: "lightningcss-linux-arm64-musl@npm:1.33.0"
  conditions: os=linux & cpu=arm64 & libc=musl
  languageName: node
  linkType: hard

"lightningcss-linux-x64-gnu@npm:1.33.0":
  version: 1.33.0
  resolution: "lightningcss-linux-x64-gnu@npm:1.33.0"
  conditions: os=linux & cpu=x64 & libc=glibc
  languageName: node
  linkType: hard

"lightningcss-linux-x64-musl@npm:1.33.0":
  version: 1.33.0
  resolution: "lightningcss-linux-x64-musl@npm:1.33.0"
  conditions: os=linux & cpu=x64 & libc=musl
  languageName: node
  linkType: hard

"lightningcss-win32-arm64-msvc@npm:1.33.0":
  version: 1.33.0
  resolution: "lightningcss-win32-arm64-msvc@npm:1.33.0"
  conditions: os=win32 & cpu=arm64
  languageName: node
  linkType: hard

"lightningcss-win32-x64-msvc@npm:1.33.0":
  version: 1.33.0
  resolution: "lightningcss-win32-x64-msvc@npm:1.33.0"
  conditions: os=win32 & cpu=x64
  languageName: node
  linkType: hard

"lightningcss@npm:^1.33.0":
  version: 1.33.0
  resolution: "lightningcss@npm:1.33.0"
  dependencies:
    detect-libc: "npm:^2.0.3"
    lightningcss-android-arm64: "npm:1.33.0"
    lightningcss-darwin-arm64: "npm:1.33.0"
    lightningcss-darwin-x64: "npm:1.33.0"
    lightningcss-freebsd-x64: "npm:1.33.0"
    lightningcss-linux-arm-gnueabihf: "npm:1.33.0"
    lightningcss-linux-arm64-gnu: "npm:1.33.0"
    lightningcss-linux-arm64-musl: "npm:1.33.0"
    lightningcss-linux-x64-gnu: "npm:1.33.0"
    lightningcss-linux-x64-musl: "npm:1.33.0"
    lightningcss-win32-arm64-msvc: "npm:1.33.0"
    lightningcss-win32-x64-msvc: "npm:1.33.0"
  dependenciesMeta:
    lightningcss-android-arm64:
      optional: true
    lightningcss-darwin-arm64:
      optional: true
    lightningcss-darwin-x64:
      optional: true
    lightningcss-freebsd-x64:
      optional: true
    lightningcss-linux-arm-gnueabihf:
      optional: true
    lightningcss-linux-arm64-gnu:
      optional: true
    lightningcss-linux-arm64-musl:
      optional: true
    lightningcss-linux-x64-gnu:
      optional: true
    lightningcss-linux-x64-musl:
      optional: true
    lightningcss-win32-arm64-msvc:
      optional: true
    lightningcss-win32-x64-msvc:
      optional: true
  checksum: 10c0/ce1f8279fbae636dbf37fa6e7385d5f98ed881d72af3362f24afbd4685e19c1fcdfecf17e5dd77f2ebee3d0c23ade276230d85842d07292229a2cffba8ff20a3
  languageName: node
  linkType: hard

"magic-string@npm:^0.30.21":
  version: 0.30.21
  resolution: "magic-string@npm:0.30.21"
  dependencies:
    "@jridgewell/sourcemap-codec": "npm:^1.5.5"
  checksum: 10c0/299378e38f9a270069fc62358522ddfb44e94244baa0d6a8980ab2a9b2490a1d03b236b447eee309e17eb3bddfa482c61259d47960eb018a904f0ded52780c4a
  languageName: node
  linkType: hard

"minipass@npm:^7.0.4, minipass@npm:^7.1.2":
  version: 7.1.3
  resolution: "minipass@npm:7.1.3"
  checksum: 10c0/539da88daca16533211ea5a9ee98dc62ff5742f531f54640dd34429e621955e91cc280a91a776026264b7f9f6735947629f920944e9c1558369e8bf22eb33fbb
  languageName: node
  linkType: hard

"minizlib@npm:^3.1.0":
  version: 3.1.0
  resolution: "minizlib@npm:3.1.0"
  dependencies:
    minipass: "npm:^7.1.2"
  checksum: 10c0/5aad75ab0090b8266069c9aabe582c021ae53eb33c6c691054a13a45db3b4f91a7fb1bd79151e6b4e9e9a86727b522527c0a06ec7d45206b745d54cd3097bcec
  languageName: node
  linkType: hard

"nanoid@npm:^3.3.18":
  version: 3.3.19
  resolution: "nanoid@npm:3.3.19"
  bin:
    nanoid: bin/nanoid.cjs
  checksum: 10c0/ce7afa6258bfaa00bdc8de291cfe9913280eaa403b7d9cff3db4e4200c1913e7163577df74897958da144db473a96c67f74f57db0f542fbfe409df677bae3255
  languageName: node
  linkType: hard

"node-gyp@npm:latest":
  version: 13.0.2
  resolution: "node-gyp@npm:13.0.2"
  dependencies:
    env-paths: "npm:^2.2.0"
    exponential-backoff: "npm:^3.1.1"
    graceful-fs: "npm:^4.2.6"
    nopt: "npm:^10.0.0"
    proc-log: "npm:^7.0.0"
    semver: "npm:^7.3.5"
    tar: "npm:^7.5.4"
    tinyglobby: "npm:^0.2.12"
    undici: "npm:^8.4.1"
    which: "npm:^7.0.0"
  bin:
    node-gyp: bin/node-gyp.js
  checksum: 10c0/29d33ccf47ffeeb5e7af925550b416f698a26a72eb10975c7eb5775c1d0cecacd76d164a4aa45503d3ddcece209db65c712be00423c69381a4cd14e2e6540559
  languageName: node
  linkType: hard

"nopt@npm:^10.0.0":
  version: 10.0.1
  resolution: "nopt@npm:10.0.1"
  dependencies:
    abbrev: "npm:^5.0.0"
  bin:
    nopt: bin/nopt.js
  checksum: 10c0/980d89257f9587f3e1f77877ddbf905d6aa3b738ec33e49a4fa1a059a0dd82eb28063982b150654a7ae9de386f2ead60e56172db7d37cf56de545f7392a2a26a
  languageName: node
  linkType: hard

"picocolors@npm:^1.1.1":
  version: 1.1.1
  resolution: "picocolors@npm:1.1.1"
  checksum: 10c0/e2e3e8170ab9d7c7421969adaa7e1b31434f789afb9b3f115f6b96d91945041ac3ceb02e9ec6fe6510ff036bcc0bf91e69a1772edc0b707e12b19c0f2d6bcf58
  languageName: node
  linkType: hard

"picomatch@npm:^4.0.4, picomatch@npm:^4.0.7":
  version: 4.0.7
  resolution: "picomatch@npm:4.0.7"
  checksum: 10c0/beb6ae02c43ae44e84883b90830196d9046b1726ead292adcf7f57945e0bb0d992d68563d87e03b484b6f3c9a5c6defda7523477f047d7f0e663f126cc01787f
  languageName: node
  linkType: hard

"postcss@npm:^8.5.28":
  version: 8.5.28
  resolution: "postcss@npm:8.5.28"
  dependencies:
    nanoid: "npm:^3.3.18"
    picocolors: "npm:^1.1.1"
    source-map-js: "npm:^1.2.1"
  checksum: 10c0/9fe44215a6628d89c8a75184b92f5b2f77e16f9e5b13b39b9009bb7e8e6eccddf82c8854bae922db1f17ace6ef3445073fe38abff513caeb03e5285b1b55620a
  languageName: node
  linkType: hard

"primevue@npm:^5.0.1":
  version: 5.0.1
  resolution: "primevue@npm:5.0.1"
  dependencies:
    "@primeicons/vue": "npm:^8.0.0"
    "@primeui/license-manager": "npm:^1.0.0"
    "@primeuix/motion": "npm:^1.0.0"
    "@primeuix/styled": "npm:^1.0.0"
    "@primeuix/styles": "npm:^3.0.0"
    "@primeuix/utils": "npm:^0.8.0"
    "@primevue/core": "npm:5.0.1"
    "@primevue/icons": "npm:5.0.1"
  checksum: 10c0/9a1f888267e0f4da60c232bebd16e215e1950c5c5017feaa23da0af3634aaa12d8e269ab640c4c115e8d6b45b9159d56bc74ae16b4a3917c2717cda6cd438e21
  languageName: node
  linkType: hard

"proc-log@npm:^7.0.0":
  version: 7.0.0
  resolution: "proc-log@npm:7.0.0"
  checksum: 10c0/b89c2d862604f35fec795477b0c7e376feab3ba0d4f4d291c4e959567442697cf451ac557d0623c1cc38af45a78128b983410f397a10c5d3a67f76c33de4754b
  languageName: node
  linkType: hard

"rolldown@npm:~1.2.9":
  version: 1.2.11
  resolution: "rolldown@npm:1.2.11"
  dependencies:
    "@oxc-project/types": "npm:=0.151.0"
    "@rolldown/binding-android-arm-eabi": "npm:1.2.11"
    "@rolldown/binding-android-arm64": "npm:1.2.11"
    "@rolldown/binding-darwin-arm64": "npm:1.2.11"
    "@rolldown/binding-darwin-x64": "npm:1.2.11"
    "@rolldown/binding-freebsd-x64": "npm:1.2.11"
    "@rolldown/binding-linux-arm-gnueabihf": "npm:1.2.11"
    "@rolldown/binding-linux-arm64-gnu": "npm:1.2.11"
    "@rolldown/binding-linux-arm64-musl": "npm:1.2.11"
    "@rolldown/binding-linux-ppc64-gnu": "npm:1.2.11"
    "@rolldown/binding-linux-s390x-gnu": "npm:1.2.11"
    "@rolldown/binding-linux-x64-gnu": "npm:1.2.11"
    "@rolldown/binding-linux-x64-musl": "npm:1.2.11"
    "@rolldown/binding-openharmony-arm64": "npm:1.2.11"
    "@rolldown/binding-win32-arm64-msvc": "npm:1.2.11"
    "@rolldown/binding-win32-x64-msvc": "npm:1.2.11"
    "@rolldown/pluginutils": "npm:^1.0.0"
  dependenciesMeta:
    "@rolldown/binding-android-arm-eabi":
      optional: true
    "@rolldown/binding-android-arm64":
      optional: true
    "@rolldown/binding-darwin-arm64":
      optional: true
    "@rolldown/binding-darwin-x64":
      optional: true
    "@rolldown/binding-freebsd-x64":
      optional: true
    "@rolldown/binding-linux-arm-gnueabihf":
      optional: true
    "@rolldown/binding-linux-arm64-gnu":
      optional: true
    "@rolldown/binding-linux-arm64-musl":
      optional: true
    "@rolldown/binding-linux-ppc64-gnu":
      optional: true
    "@rolldown/binding-linux-s390x-gnu":
      optional: true
    "@rolldown/binding-linux-x64-gnu":
      optional: true
    "@rolldown/binding-linux-x64-musl":
      optional: true
    "@rolldown/binding-openharmony-arm64":
      optional: true
    "@rolldown/binding-win32-arm64-msvc":
      optional: true
    "@rolldown/binding-win32-x64-msvc":
      optional: true
  bin:
    rolldown: ./bin/cli.mjs
  checksum: 10c0/43dfd083fb625a254c039bddfe04f3dd1d7cf8b84291ead835e3702e8050b7fee5e702c8280d3000b2541c0e24aaa3110bac4251bc2ca50a85fe1c8bbb48d2f5
  languageName: node
  linkType: hard

"semver@npm:^7.3.5":
  version: 7.8.5
  resolution: "semver@npm:7.8.5"
  bin:
    semver: bin/semver.js
  checksum: 10c0/b1f3127a5be8125a94f37188b361c212466c292c6910adce3ec106cff5dc211ccaedc4739c11bb70fda59d6fc1f040a9bca289f4e093451521a2372e5231fe0c
  languageName: node
  linkType: hard

"source-map-js@npm:^1.2.1":
  version: 1.2.1
  resolution: "source-map-js@npm:1.2.1"
  checksum: 10c0/7bda1fc4c197e3c6ff17de1b8b2c20e60af81b63a52cb32ec5a5d67a20a7d42651e2cb34ebe93833c5a2a084377e17455854fee3e21e7925c64a51b6a52b0faf
  languageName: node
  linkType: hard

"tar@npm:^7.5.4":
  version: 7.5.22
  resolution: "tar@npm:7.5.22"
  dependencies:
    "@isaacs/fs-minipass": "npm:^4.0.0"
    chownr: "npm:^3.0.0"
    minipass: "npm:^7.1.2"
    minizlib: "npm:^3.1.0"
    yallist: "npm:^5.0.0"
  checksum: 10c0/1311f6be85a8157ac4c9147bae43e13923d2a1aae15e4aa1bd5239e4e03d2cf53cfe103dde7f35832fbb4c938b042856bc8e9a0afd29abd05e2d1608788c4fea
  languageName: node
  linkType: hard

"tinyglobby@npm:^0.2.12, tinyglobby@npm:^0.2.17":
  version: 0.2.17
  resolution: "tinyglobby@npm:0.2.17"
  dependencies:
    fdir: "npm:^6.5.0"
    picomatch: "npm:^4.0.4"
  checksum: 10c0/7f7bb0f197c88bc4b20c231e0deca4240ca3bf313a88f5a7fee93a872b84966a4d50220947c0455ad07a60b3b360961c5b7fd979222aeb716a9f99b412002e4c
  languageName: node
  linkType: hard

"undici@npm:^8.4.1":
  version: 8.11.2
  resolution: "undici@npm:8.11.2"
  checksum: 10c0/106f6991178fb7562fd90cdec7993c5f807a9428682306091f0c4b27fc474ec291f868e29972c6252988bf061ad193df943b3b99e775be157a28d92bbb95699d
  languageName: node
  linkType: hard

"vite@npm:^8.3.1":
  version: 8.3.1
  resolution: "vite@npm:8.3.1"
  dependencies:
    fsevents: "npm:~2.3.3"
    lightningcss: "npm:^1.33.0"
    picomatch: "npm:^4.0.7"
    postcss: "npm:^8.5.28"
    rolldown: "npm:~1.2.9"
    tinyglobby: "npm:^0.2.17"
  peerDependencies:
    "@types/node": ^20.19.0 || >=22.12.0
    "@vitejs/devtools": ^0.7.1
    esbuild: ^0.27.0 || ^0.28.0
    jiti: ">=1.21.0"
    less: ^4.0.0
    sass: ^1.70.0
    sass-embedded: ^1.70.0
    stylus: ">=0.54.8"
    sugarss: ^5.0.0
    terser: ^5.16.0
    tsx: ^4.8.1
    yaml: ^2.4.2
  dependenciesMeta:
    fsevents:
      optional: true
  peerDependenciesMeta:
    "@types/node":
      optional: true
    "@vitejs/devtools":
      optional: true
    esbuild:
      optional: true
    jiti:
      optional: true
    less:
      optional: true
    sass:
      optional: true
    sass-embedded:
      optional: true
    stylus:
      optional: true
    sugarss:
      optional: true
    terser:
      optional: true
    tsx:
      optional: true
    yaml:
      optional: true
  bin:
    vite: bin/vite.js
  checksum: 10c0/a91f4fee1cd331912ee3ac45f49900044846e28b8632ae734fe1978630e643e503d04181b2aeac59f70556fc51137dd49179fd39cbeb72a3e5f0bce88d2bcd30
  languageName: node
  linkType: hard

"vue-gtag@npm:^3.7.1":
  version: 3.7.1
  resolution: "vue-gtag@npm:3.7.1"
  peerDependencies:
    vue: ^3.5.13
    vue-router: ^4.5.0 || ^5.0.0
  peerDependenciesMeta:
    vue-router:
      optional: true
  checksum: 10c0/1f9c0c21ca5097c7c248cec3ea7afb6fe65d42a284e1203fd1091f5e2bc0d9dcbb3a4c2ae0d829712089a66ee00fb4b986f93f55c079182318ca91c01e015768
  languageName: node
  linkType: hard

"vue3-katex@npm:0.9.0-3":
  version: 0.9.0-3
  resolution: "vue3-katex@npm:0.9.0-3"
  dependencies:
    deepmerge: "npm:^4.3.1"
  peerDependencies:
    katex: ^0.17.0 || ^0.18.0
    vue: ^3.2.22
  checksum: 10c0/ba1e3002a5a697f3c1a3e9dafe2346f0bc1f6c105f8fed4f992812b74fb370afa7d37f985a958ca77543b805ffe2b47a1aa589af03339c566ca7b612b03daafe
  languageName: node
  linkType: hard

"vue@npm:^3.5.43":
  version: 3.5.43
  resolution: "vue@npm:3.5.43"
  dependencies:
    "@vue/compiler-dom": "npm:3.5.43"
    "@vue/compiler-sfc": "npm:3.5.43"
    "@vue/runtime-dom": "npm:3.5.43"
    "@vue/server-renderer": "npm:3.5.43"
    "@vue/shared": "npm:3.5.43"
  peerDependencies:
    typescript: "*"
  peerDependenciesMeta:
    typescript:
      optional: true
  checksum: 10c0/0b065772363e6f6358c70958d99cee8f5e8cc5dc773676380a06c737714b9a162721cade9c16fe9ff87aea569e2ce5cd2da2f1db5f510357b69d575f9542ded9
  languageName: node
  linkType: hard

"which@npm:^7.0.0":
  version: 7.0.0
  resolution: "which@npm:7.0.0"
  dependencies:
    isexe: "npm:^4.0.0"
  bin:
    node-which: bin/which.js
  checksum: 10c0/ca0b54f198f78bbc4b7c02e34bda8d335cb352e0adb4cbca1c37b1a957af3a879a82c4c27ca6525bc942f548d8b64f816ef6528360af9f3de55ffb9b979b620d
  languageName: node
  linkType: hard

"yallist@npm:^5.0.0":
  version: 5.0.0
  resolution: "yallist@npm:5.0.0"
  checksum: 10c0/a499c81ce6d4a1d260d4ea0f6d49ab4da09681e32c3f0472dee16667ed69d01dae63a3b81745a24bd78476ec4fcf856114cb4896ace738e01da34b2c42235416
  languageName: node
  linkType: hard
